{
  "name": "G-Wiredfy",
  "version": "0.0.1",
  "lockfileVersion": 2,
  "requires": true,
  "packages": {
    "": {
      "version": "0.0.1",
      "license": "ISC",
      "peerDependencies": {
        "gnode-api": "*"
      }
    },
    "node_modules/@types/node": {
      "version": "16.7.5",
      "resolved": "https://registry.npmjs.org/@types/node/-/node-16.7.5.tgz",
      "integrity": "sha512-E7SpxDXoHEpmZ9C1gSqwadhE6zPRtf3g0gJy9Y51DsImnR5TcDs3QEiV/3Q7zOM8LWaZp5Gph71NK6ElVMG1IQ==",
      "peer": true
    },
    "node_modules/gnode-api": {
      "version": "0.0.1-beta.21",
      "resolved": "https://registry.npmjs.org/gnode-api/-/gnode-api-0.0.1-beta.21.tgz",
      "integrity": "sha512-FvbBPfsZTnMYNOD5pyFI2JcOoFcC08X9jztL9ciKPuPYaPbMxQuxN+IKjUOKlHTSSyqvOaHleeWKowk6YV8Vog==",
      "license": "ISC",
      "peer": true,
      "dependencies": {
        "@types/node": "^16.4.13"
      },
      "engines": {
        "node": ">15.0.0"
      }
    }
  },
  "dependencies": {
    "@types/node": {
      "version": "16.7.5",
      "resolved": "https://registry.npmjs.org/@types/node/-/node-16.7.5.tgz",
      "integrity": "sha512-E7SpxDXoHEpmZ9C1gSqwadhE6zPRtf3g0gJy9Y51DsImnR5TcDs3QEiV/3Q7zOM8LWaZp5Gph71NK6ElVMG1IQ==",
      "peer": true
    },
    "gnode-api": {
      "version": "0.0.1-beta.21",
      "resolved": "https://registry.npmjs.org/gnode-api/-/gnode-api-0.0.1-beta.21.tgz",
      "integrity": "sha512-FvbBPfsZTnMYNOD5pyFI2JcOoFcC08X9jztL9ciKPuPYaPbMxQuxN+IKjUOKlHTSSyqvOaHleeWKowk6YV8Vog==",
      "peer": true,
      "requires": {
        "@types/node": "^16.4.13"
      }
    }
  }
}
