{
  "name": "G-Wiredfy",
  "version": "0.0.1",
  "lockfileVersion": 2,
  "requires": true,
  "packages": {
    "": {
      "version": "0.0.1",
      "license": "ISC",
      "peerDependencies": {
        "gnode-api": "github:at15four2020/G-Node"
      }
    },
    "node_modules/@types/node": {
      "version": "16.7.1",
      "resolved": "https://registry.npmjs.org/@types/node/-/node-16.7.1.tgz",
      "integrity": "sha512-ncRdc45SoYJ2H4eWU9ReDfp3vtFqDYhjOsKlFFUDEn8V1Bgr2RjYal8YT5byfadWIRluhPFU6JiDOl0H6Sl87A==",
      "peer": true
    },
    "node_modules/gnode-api": {
      "version": "0.0.1-beta.19",
      "resolved": "git+ssh://git@github.com/at15four2020/G-Node.git#8f993d78782b3ba8afb2384e35e8ac8492683a11",
      "license": "ISC",
      "peer": true,
      "workspaces": [
        "./test/*"
      ],
      "dependencies": {
        "@types/node": "^16.4.13"
      },
      "engines": {
        "node": ">15.0.0"
      }
    }
  },
  "dependencies": {
    "@types/node": {
      "version": "16.7.1",
      "resolved": "https://registry.npmjs.org/@types/node/-/node-16.7.1.tgz",
      "integrity": "sha512-ncRdc45SoYJ2H4eWU9ReDfp3vtFqDYhjOsKlFFUDEn8V1Bgr2RjYal8YT5byfadWIRluhPFU6JiDOl0H6Sl87A==",
      "peer": true
    },
    "gnode-api": {
      "version": "git+ssh://git@github.com/at15four2020/G-Node.git#8f993d78782b3ba8afb2384e35e8ac8492683a11",
      "from": "gnode-api@github:at15four2020/G-Node",
      "peer": true,
      "requires": {
        "@types/node": "^16.4.13"
      }
    }
  }
}
